
Microsoft Visual Studio Solution File, Format Version 12.00
# Visual Studio Version 17
VisualStudioVersion = 17.10.35013.160
MinimumVisualStudioVersion = 10.0.40219.1
Project("{2150E333-8FDC-42A3-9474-1A3956D46DE8}") = "MovieSearch", "MovieSearch", "{EA75CA94-1AF1-41F8-B2E4-A24A7153BA95}"
EndProject
Project("{9A19103F-16F7-4668-BE54-9A1E7A4F7556}") = "MovieSearch.Api", "MovieSearch\MovieSearch.Api\MovieSearch.Api.csproj", "{D379F077-4847-444D-B28D-577AAAAE771B}"
EndProject
Project("{9A19103F-16F7-4668-BE54-9A1E7A4F7556}") = "MovieSearch.Api.Test", "MovieSearch\MovieSearch.Api.Test\MovieSearch.Api.Test.csproj", "{8F53E45A-241B-416F-A9C1-A7AF2CC2DD3A}"
EndProject
Project("{9A19103F-16F7-4668-BE54-9A1E7A4F7556}") = "MovieSearch.Business", "MovieSearch\MovieSearch.Business\MovieSearch.Business.csproj", "{94C0D381-1907-4F83-801B-BE2075622F0A}"
EndProject
Project("{9A19103F-16F7-4668-BE54-9A1E7A4F7556}") = "MovieSearch.Business.Test", "MovieSearch\MovieSearch.Business.Test\MovieSearch.Business.Test.csproj", "{B56075BD-2D46-4EDD-82AE-4388093F7784}"
EndProject
Project("{9A19103F-16F7-4668-BE54-9A1E7A4F7556}") = "MovieSearch.Entities", "MovieSearch\MovieSearch.Entities\MovieSearch.Entities.csproj", "{8387F444-32ED-43C2-AB73-B4E2148C70A9}"
EndProject
Project("{2150E333-8FDC-42A3-9474-1A3956D46DE8}") = "Admin", "Admin", "{83057825-8EE4-435C-8A8A-C6720DE2CFC0}"
EndProject
Project("{2150E333-8FDC-42A3-9474-1A3956D46DE8}") = "Identity", "Identity", "{8FE757D3-BECA-4706-A6E5-ED228568D386}"
EndProject
Project("{2150E333-8FDC-42A3-9474-1A3956D46DE8}") = "SearchLog", "SearchLog", "{07273B02-5CC0-4FDD-AFF4-188EB27EC904}"
EndProject
Project("{9A19103F-16F7-4668-BE54-9A1E7A4F7556}") = "SearchLog.Api", "SearchLog\SearchLog.Api\SearchLog.Api.csproj", "{2EE0E79E-96DA-4232-994C-58C0EAD952D8}"
EndProject
Project("{9A19103F-16F7-4668-BE54-9A1E7A4F7556}") = "SearchLog.Api.Test", "SearchLog\SearchLog.Api.Test\SearchLog.Api.Test.csproj", "{C57A1736-0FFD-4D78-879D-2BB2EF8A07DC}"
EndProject
Project("{9A19103F-16F7-4668-BE54-9A1E7A4F7556}") = "SearchLog.DataAccess", "SearchLog\SearchLog.DataAccess\SearchLog.DataAccess.csproj", "{FF63BC5D-845F-4177-8407-E29DB3C9100A}"
EndProject
Project("{9A19103F-16F7-4668-BE54-9A1E7A4F7556}") = "SearchLog.Business", "SearchLog\SearchLog.Business\SearchLog.Business.csproj", "{A29C7253-1345-40C9-B26C-48AABD5F2904}"
EndProject
Project("{9A19103F-16F7-4668-BE54-9A1E7A4F7556}") = "SearchLog.Business.Test", "SearchLog\SearchLog.Business.Test\SearchLog.Business.Test.csproj", "{3FE304D3-0BC5-4264-9FAE-FF1A45EE18F7}"
EndProject
Project("{9A19103F-16F7-4668-BE54-9A1E7A4F7556}") = "SearchLog.Entities", "SearchLog\SearchLog.Entities\SearchLog.Entities.csproj", "{821360FE-FDA2-4B32-A922-77BFADF9C727}"
EndProject
Project("{9A19103F-16F7-4668-BE54-9A1E7A4F7556}") = "Admin.Api", "Admin\Admin.Api\Admin.Api.csproj", "{ACD385D9-B3E3-4454-8854-0693E1A9D7A0}"
EndProject
Project("{2150E333-8FDC-42A3-9474-1A3956D46DE8}") = "Core", "Core", "{5266ACC0-E2BC-47D5-A8B0-11CD3B7D147F}"
EndProject
Project("{9A19103F-16F7-4668-BE54-9A1E7A4F7556}") = "ValueBlue.Core", "Core\ValueBlue.Core\ValueBlue.Core.csproj", "{1AC837E6-BC06-4154-89EC-5A5F81195A61}"
EndProject
Project("{9A19103F-16F7-4668-BE54-9A1E7A4F7556}") = "Admin.Api.Test", "Admin\Admin.Api.Test\Admin.Api.Test.csproj", "{B4D42413-051F-4F23-9502-FEFBA7DF44BF}"
EndProject
Project("{9A19103F-16F7-4668-BE54-9A1E7A4F7556}") = "Identity.Api", "Identity\Identity.Api\Identity.Api.csproj", "{E4AAE702-AB7A-4FEF-B9A3-2139A49C8756}"
EndProject
Project("{9A19103F-16F7-4668-BE54-9A1E7A4F7556}") = "Identity.Api.Test", "Identity\Identity.Api.Test\Identity.Api.Test.csproj", "{13E38429-A2E8-420B-BCC6-235930EDD7BA}"
EndProject
Project("{9A19103F-16F7-4668-BE54-9A1E7A4F7556}") = "Identity.Business", "Identity\Identity.Business\Identity.Business.csproj", "{0A1689F6-D878-4C7E-B221-4120E46C0C87}"
EndProject
Project("{9A19103F-16F7-4668-BE54-9A1E7A4F7556}") = "Identity.Business.Test", "Identity\Identity.Business.Test\Identity.Business.Test.csproj", "{0685D84F-60D9-44F8-8AC0-DBF9A059EBFC}"
EndProject
Project("{9A19103F-16F7-4668-BE54-9A1E7A4F7556}") = "Identity.Entities", "Identity\Identity.Entities\Identity.Entities.csproj", "{7E476A28-1B84-4995-9EB8-0D0F719D9003}"
EndProject
Project("{9A19103F-16F7-4668-BE54-9A1E7A4F7556}") = "Admin.Business", "Admin\Admin.Business\Admin.Business.csproj", "{B432B570-6D89-4042-B128-B1011E702E2A}"
EndProject
Project("{9A19103F-16F7-4668-BE54-9A1E7A4F7556}") = "Admin.Business.Test", "Admin\Admin.Business.Test\Admin.Business.Test.csproj", "{59EEC607-DF04-45C0-8FD6-5E6C5E9367E4}"
EndProject
Project("{9A19103F-16F7-4668-BE54-9A1E7A4F7556}") = "Admin.Entities", "Admin\Admin.Entities\Admin.Entities.csproj", "{ABE6DA6F-F32C-469B-8601-3B4FCC37DA6C}"
EndProject
Project("{9A19103F-16F7-4668-BE54-9A1E7A4F7556}") = "Identity.DataAccess", "Identity\Identity.DataAccess\Identity.DataAccess.csproj", "{367DE9C3-D5BB-4514-960B-FA9477A90886}"
EndProject
Global
	GlobalSection(SolutionConfigurationPlatforms) = preSolution
		Debug|Any CPU = Debug|Any CPU
		Release|Any CPU = Release|Any CPU
	EndGlobalSection
	GlobalSection(ProjectConfigurationPlatforms) = postSolution
		{D379F077-4847-444D-B28D-577AAAAE771B}.Debug|Any CPU.ActiveCfg = Debug|Any CPU
		{D379F077-4847-444D-B28D-577AAAAE771B}.Debug|Any CPU.Build.0 = Debug|Any CPU
		{D379F077-4847-444D-B28D-577AAAAE771B}.Release|Any CPU.ActiveCfg = Release|Any CPU
		{D379F077-4847-444D-B28D-577AAAAE771B}.Release|Any CPU.Build.0 = Release|Any CPU
		{8F53E45A-241B-416F-A9C1-A7AF2CC2DD3A}.Debug|Any CPU.ActiveCfg = Debug|Any CPU
		{8F53E45A-241B-416F-A9C1-A7AF2CC2DD3A}.Debug|Any CPU.Build.0 = Debug|Any CPU
		{8F53E45A-241B-416F-A9C1-A7AF2CC2DD3A}.Release|Any CPU.ActiveCfg = Release|Any CPU
		{8F53E45A-241B-416F-A9C1-A7AF2CC2DD3A}.Release|Any CPU.Build.0 = Release|Any CPU
		{94C0D381-1907-4F83-801B-BE2075622F0A}.Debug|Any CPU.ActiveCfg = Debug|Any CPU
		{94C0D381-1907-4F83-801B-BE2075622F0A}.Debug|Any CPU.Build.0 = Debug|Any CPU
		{94C0D381-1907-4F83-801B-BE2075622F0A}.Release|Any CPU.ActiveCfg = Release|Any CPU
		{94C0D381-1907-4F83-801B-BE2075622F0A}.Release|Any CPU.Build.0 = Release|Any CPU
		{B56075BD-2D46-4EDD-82AE-4388093F7784}.Debug|Any CPU.ActiveCfg = Debug|Any CPU
		{B56075BD-2D46-4EDD-82AE-4388093F7784}.Debug|Any CPU.Build.0 = Debug|Any CPU
		{B56075BD-2D46-4EDD-82AE-4388093F7784}.Release|Any CPU.ActiveCfg = Release|Any CPU
		{B56075BD-2D46-4EDD-82AE-4388093F7784}.Release|Any CPU.Build.0 = Release|Any CPU
		{8387F444-32ED-43C2-AB73-B4E2148C70A9}.Debug|Any CPU.ActiveCfg = Debug|Any CPU
		{8387F444-32ED-43C2-AB73-B4E2148C70A9}.Debug|Any CPU.Build.0 = Debug|Any CPU
		{8387F444-32ED-43C2-AB73-B4E2148C70A9}.Release|Any CPU.ActiveCfg = Release|Any CPU
		{8387F444-32ED-43C2-AB73-B4E2148C70A9}.Release|Any CPU.Build.0 = Release|Any CPU
		{2EE0E79E-96DA-4232-994C-58C0EAD952D8}.Debug|Any CPU.ActiveCfg = Debug|Any CPU
		{2EE0E79E-96DA-4232-994C-58C0EAD952D8}.Debug|Any CPU.Build.0 = Debug|Any CPU
		{2EE0E79E-96DA-4232-994C-58C0EAD952D8}.Release|Any CPU.ActiveCfg = Release|Any CPU
		{2EE0E79E-96DA-4232-994C-58C0EAD952D8}.Release|Any CPU.Build.0 = Release|Any CPU
		{C57A1736-0FFD-4D78-879D-2BB2EF8A07DC}.Debug|Any CPU.ActiveCfg = Debug|Any CPU
		{C57A1736-0FFD-4D78-879D-2BB2EF8A07DC}.Debug|Any CPU.Build.0 = Debug|Any CPU
		{C57A1736-0FFD-4D78-879D-2BB2EF8A07DC}.Release|Any CPU.ActiveCfg = Release|Any CPU
		{C57A1736-0FFD-4D78-879D-2BB2EF8A07DC}.Release|Any CPU.Build.0 = Release|Any CPU
		{FF63BC5D-845F-4177-8407-E29DB3C9100A}.Debug|Any CPU.ActiveCfg = Debug|Any CPU
		{FF63BC5D-845F-4177-8407-E29DB3C9100A}.Debug|Any CPU.Build.0 = Debug|Any CPU
		{FF63BC5D-845F-4177-8407-E29DB3C9100A}.Release|Any CPU.ActiveCfg = Release|Any CPU
		{FF63BC5D-845F-4177-8407-E29DB3C9100A}.Release|Any CPU.Build.0 = Release|Any CPU
		{A29C7253-1345-40C9-B26C-48AABD5F2904}.Debug|Any CPU.ActiveCfg = Debug|Any CPU
		{A29C7253-1345-40C9-B26C-48AABD5F2904}.Debug|Any CPU.Build.0 = Debug|Any CPU
		{A29C7253-1345-40C9-B26C-48AABD5F2904}.Release|Any CPU.ActiveCfg = Release|Any CPU
		{A29C7253-1345-40C9-B26C-48AABD5F2904}.Release|Any CPU.Build.0 = Release|Any CPU
		{3FE304D3-0BC5-4264-9FAE-FF1A45EE18F7}.Debug|Any CPU.ActiveCfg = Debug|Any CPU
		{3FE304D3-0BC5-4264-9FAE-FF1A45EE18F7}.Debug|Any CPU.Build.0 = Debug|Any CPU
		{3FE304D3-0BC5-4264-9FAE-FF1A45EE18F7}.Release|Any CPU.ActiveCfg = Release|Any CPU
		{3FE304D3-0BC5-4264-9FAE-FF1A45EE18F7}.Release|Any CPU.Build.0 = Release|Any CPU
		{821360FE-FDA2-4B32-A922-77BFADF9C727}.Debug|Any CPU.ActiveCfg = Debug|Any CPU
		{821360FE-FDA2-4B32-A922-77BFADF9C727}.Debug|Any CPU.Build.0 = Debug|Any CPU
		{821360FE-FDA2-4B32-A922-77BFADF9C727}.Release|Any CPU.ActiveCfg = Release|Any CPU
		{821360FE-FDA2-4B32-A922-77BFADF9C727}.Release|Any CPU.Build.0 = Release|Any CPU
		{ACD385D9-B3E3-4454-8854-0693E1A9D7A0}.Debug|Any CPU.ActiveCfg = Debug|Any CPU
		{ACD385D9-B3E3-4454-8854-0693E1A9D7A0}.Debug|Any CPU.Build.0 = Debug|Any CPU
		{ACD385D9-B3E3-4454-8854-0693E1A9D7A0}.Release|Any CPU.ActiveCfg = Release|Any CPU
		{ACD385D9-B3E3-4454-8854-0693E1A9D7A0}.Release|Any CPU.Build.0 = Release|Any CPU
		{1AC837E6-BC06-4154-89EC-5A5F81195A61}.Debug|Any CPU.ActiveCfg = Debug|Any CPU
		{1AC837E6-BC06-4154-89EC-5A5F81195A61}.Debug|Any CPU.Build.0 = Debug|Any CPU
		{1AC837E6-BC06-4154-89EC-5A5F81195A61}.Release|Any CPU.ActiveCfg = Release|Any CPU
		{1AC837E6-BC06-4154-89EC-5A5F81195A61}.Release|Any CPU.Build.0 = Release|Any CPU
		{B4D42413-051F-4F23-9502-FEFBA7DF44BF}.Debug|Any CPU.ActiveCfg = Debug|Any CPU
		{B4D42413-051F-4F23-9502-FEFBA7DF44BF}.Debug|Any CPU.Build.0 = Debug|Any CPU
		{B4D42413-051F-4F23-9502-FEFBA7DF44BF}.Release|Any CPU.ActiveCfg = Release|Any CPU
		{B4D42413-051F-4F23-9502-FEFBA7DF44BF}.Release|Any CPU.Build.0 = Release|Any CPU
		{E4AAE702-AB7A-4FEF-B9A3-2139A49C8756}.Debug|Any CPU.ActiveCfg = Debug|Any CPU
		{E4AAE702-AB7A-4FEF-B9A3-2139A49C8756}.Debug|Any CPU.Build.0 = Debug|Any CPU
		{E4AAE702-AB7A-4FEF-B9A3-2139A49C8756}.Release|Any CPU.ActiveCfg = Release|Any CPU
		{E4AAE702-AB7A-4FEF-B9A3-2139A49C8756}.Release|Any CPU.Build.0 = Release|Any CPU
		{13E38429-A2E8-420B-BCC6-235930EDD7BA}.Debug|Any CPU.ActiveCfg = Debug|Any CPU
		{13E38429-A2E8-420B-BCC6-235930EDD7BA}.Debug|Any CPU.Build.0 = Debug|Any CPU
		{13E38429-A2E8-420B-BCC6-235930EDD7BA}.Release|Any CPU.ActiveCfg = Release|Any CPU
		{13E38429-A2E8-420B-BCC6-235930EDD7BA}.Release|Any CPU.Build.0 = Release|Any CPU
		{0A1689F6-D878-4C7E-B221-4120E46C0C87}.Debug|Any CPU.ActiveCfg = Debug|Any CPU
		{0A1689F6-D878-4C7E-B221-4120E46C0C87}.Debug|Any CPU.Build.0 = Debug|Any CPU
		{0A1689F6-D878-4C7E-B221-4120E46C0C87}.Release|Any CPU.ActiveCfg = Release|Any CPU
		{0A1689F6-D878-4C7E-B221-4120E46C0C87}.Release|Any CPU.Build.0 = Release|Any CPU
		{0685D84F-60D9-44F8-8AC0-DBF9A059EBFC}.Debug|Any CPU.ActiveCfg = Debug|Any CPU
		{0685D84F-60D9-44F8-8AC0-DBF9A059EBFC}.Debug|Any CPU.Build.0 = Debug|Any CPU
		{0685D84F-60D9-44F8-8AC0-DBF9A059EBFC}.Release|Any CPU.ActiveCfg = Release|Any CPU
		{0685D84F-60D9-44F8-8AC0-DBF9A059EBFC}.Release|Any CPU.Build.0 = Release|Any CPU
		{7E476A28-1B84-4995-9EB8-0D0F719D9003}.Debug|Any CPU.ActiveCfg = Debug|Any CPU
		{7E476A28-1B84-4995-9EB8-0D0F719D9003}.Debug|Any CPU.Build.0 = Debug|Any CPU
		{7E476A28-1B84-4995-9EB8-0D0F719D9003}.Release|Any CPU.ActiveCfg = Release|Any CPU
		{7E476A28-1B84-4995-9EB8-0D0F719D9003}.Release|Any CPU.Build.0 = Release|Any CPU
		{B432B570-6D89-4042-B128-B1011E702E2A}.Debug|Any CPU.ActiveCfg = Debug|Any CPU
		{B432B570-6D89-4042-B128-B1011E702E2A}.Debug|Any CPU.Build.0 = Debug|Any CPU
		{B432B570-6D89-4042-B128-B1011E702E2A}.Release|Any CPU.ActiveCfg = Release|Any CPU
		{B432B570-6D89-4042-B128-B1011E702E2A}.Release|Any CPU.Build.0 = Release|Any CPU
		{59EEC607-DF04-45C0-8FD6-5E6C5E9367E4}.Debug|Any CPU.ActiveCfg = Debug|Any CPU
		{59EEC607-DF04-45C0-8FD6-5E6C5E9367E4}.Debug|Any CPU.Build.0 = Debug|Any CPU
		{59EEC607-DF04-45C0-8FD6-5E6C5E9367E4}.Release|Any CPU.ActiveCfg = Release|Any CPU
		{59EEC607-DF04-45C0-8FD6-5E6C5E9367E4}.Release|Any CPU.Build.0 = Release|Any CPU
		{ABE6DA6F-F32C-469B-8601-3B4FCC37DA6C}.Debug|Any CPU.ActiveCfg = Debug|Any CPU
		{ABE6DA6F-F32C-469B-8601-3B4FCC37DA6C}.Debug|Any CPU.Build.0 = Debug|Any CPU
		{ABE6DA6F-F32C-469B-8601-3B4FCC37DA6C}.Release|Any CPU.ActiveCfg = Release|Any CPU
		{ABE6DA6F-F32C-469B-8601-3B4FCC37DA6C}.Release|Any CPU.Build.0 = Release|Any CPU
		{367DE9C3-D5BB-4514-960B-FA9477A90886}.Debug|Any CPU.ActiveCfg = Debug|Any CPU
		{367DE9C3-D5BB-4514-960B-FA9477A90886}.Debug|Any CPU.Build.0 = Debug|Any CPU
		{367DE9C3-D5BB-4514-960B-FA9477A90886}.Release|Any CPU.ActiveCfg = Release|Any CPU
		{367DE9C3-D5BB-4514-960B-FA9477A90886}.Release|Any CPU.Build.0 = Release|Any CPU
	EndGlobalSection
	GlobalSection(SolutionProperties) = preSolution
		HideSolutionNode = FALSE
	EndGlobalSection
	GlobalSection(NestedProjects) = preSolution
		{D379F077-4847-444D-B28D-577AAAAE771B} = {EA75CA94-1AF1-41F8-B2E4-A24A7153BA95}
		{8F53E45A-241B-416F-A9C1-A7AF2CC2DD3A} = {EA75CA94-1AF1-41F8-B2E4-A24A7153BA95}
		{94C0D381-1907-4F83-801B-BE2075622F0A} = {EA75CA94-1AF1-41F8-B2E4-A24A7153BA95}
		{B56075BD-2D46-4EDD-82AE-4388093F7784} = {EA75CA94-1AF1-41F8-B2E4-A24A7153BA95}
		{8387F444-32ED-43C2-AB73-B4E2148C70A9} = {EA75CA94-1AF1-41F8-B2E4-A24A7153BA95}
		{2EE0E79E-96DA-4232-994C-58C0EAD952D8} = {07273B02-5CC0-4FDD-AFF4-188EB27EC904}
		{C57A1736-0FFD-4D78-879D-2BB2EF8A07DC} = {07273B02-5CC0-4FDD-AFF4-188EB27EC904}
		{FF63BC5D-845F-4177-8407-E29DB3C9100A} = {07273B02-5CC0-4FDD-AFF4-188EB27EC904}
		{A29C7253-1345-40C9-B26C-48AABD5F2904} = {07273B02-5CC0-4FDD-AFF4-188EB27EC904}
		{3FE304D3-0BC5-4264-9FAE-FF1A45EE18F7} = {07273B02-5CC0-4FDD-AFF4-188EB27EC904}
		{821360FE-FDA2-4B32-A922-77BFADF9C727} = {07273B02-5CC0-4FDD-AFF4-188EB27EC904}
		{ACD385D9-B3E3-4454-8854-0693E1A9D7A0} = {83057825-8EE4-435C-8A8A-C6720DE2CFC0}
		{1AC837E6-BC06-4154-89EC-5A5F81195A61} = {5266ACC0-E2BC-47D5-A8B0-11CD3B7D147F}
		{B4D42413-051F-4F23-9502-FEFBA7DF44BF} = {83057825-8EE4-435C-8A8A-C6720DE2CFC0}
		{E4AAE702-AB7A-4FEF-B9A3-2139A49C8756} = {8FE757D3-BECA-4706-A6E5-ED228568D386}
		{13E38429-A2E8-420B-BCC6-235930EDD7BA} = {8FE757D3-BECA-4706-A6E5-ED228568D386}
		{0A1689F6-D878-4C7E-B221-4120E46C0C87} = {8FE757D3-BECA-4706-A6E5-ED228568D386}
		{0685D84F-60D9-44F8-8AC0-DBF9A059EBFC} = {8FE757D3-BECA-4706-A6E5-ED228568D386}
		{7E476A28-1B84-4995-9EB8-0D0F719D9003} = {8FE757D3-BECA-4706-A6E5-ED228568D386}
		{B432B570-6D89-4042-B128-B1011E702E2A} = {83057825-8EE4-435C-8A8A-C6720DE2CFC0}
		{59EEC607-DF04-45C0-8FD6-5E6C5E9367E4} = {83057825-8EE4-435C-8A8A-C6720DE2CFC0}
		{ABE6DA6F-F32C-469B-8601-3B4FCC37DA6C} = {83057825-8EE4-435C-8A8A-C6720DE2CFC0}
		{367DE9C3-D5BB-4514-960B-FA9477A90886} = {8FE757D3-BECA-4706-A6E5-ED228568D386}
	EndGlobalSection
	GlobalSection(ExtensibilityGlobals) = postSolution
		SolutionGuid = {ED7FB7BC-F18A-485F-9C8B-4AB559EEE9A8}
	EndGlobalSection
EndGlobal
